
Microsoft Visual Studio Solution File, Format Version 12.00
# Visual Studio Version 16
VisualStudioVersion = 16.0.30413.136
MinimumVisualStudioVersion = 10.0.40219.1
Project("{FAE04EC0-301F-11D3-BF4B-00C04F79EFBC}") = "ShoppingPlace", "ShoppingPlace.csproj", "{EFD09D2A-E3AA-46CF-AD29-97FDF5CCA68D}"
EndProject
Global
	GlobalSection(SolutionConfigurationPlatforms) = preSolution
		Debug|Any CPU = Debug|Any CPU
		Release|Any CPU = Release|Any CPU
	EndGlobalSection
	GlobalSection(ProjectConfigurationPlatforms) = postSolution
		{EFD09D2A-E3AA-46CF-AD29-97FDF5CCA68D}.Debug|Any CPU.ActiveCfg = Debug|Any CPU
		{EFD09D2A-E3AA-46CF-AD29-97FDF5CCA68D}.Debug|Any CPU.Build.0 = Debug|Any CPU
		{EFD09D2A-E3AA-46CF-AD29-97FDF5CCA68D}.Release|Any CPU.ActiveCfg = Release|Any CPU
		{EFD09D2A-E3AA-46CF-AD29-97FDF5CCA68D}.Release|Any CPU.Build.0 = Release|Any CPU
	EndGlobalSection
	GlobalSection(SolutionProperties) = preSolution
		HideSolutionNode = FALSE
	EndGlobalSection
	GlobalSection(ExtensibilityGlobals) = postSolution
		SolutionGuid = {C058CD8A-438A-4687-9D95-3913186ED7AB}
	EndGlobalSection
EndGlobal
